
Microsoft Visual Studio Solution File, Format Version 10.00
# Visual Studio 2008
Project("{FAE04EC0-301F-11D3-BF4B-00C04F79EFBC}") = "SmartDeviceProject1", "SmartDeviceProject1\SmartDeviceProject1.csproj", "{C2FBE0F4-524A-41F8-B994-CB56F9E70442}"
EndProject
Global
	GlobalSection(SolutionConfigurationPlatforms) = preSolution
		Debug|Any CPU = Debug|Any CPU
		Release|Any CPU = Release|Any CPU
	EndGlobalSection
	GlobalSection(ProjectConfigurationPlatforms) = postSolution
		{C2FBE0F4-524A-41F8-B994-CB56F9E70442}.Debug|Any CPU.ActiveCfg = Debug|Any CPU
		{C2FBE0F4-524A-41F8-B994-CB56F9E70442}.Debug|Any CPU.Build.0 = Debug|Any CPU
		{C2FBE0F4-524A-41F8-B994-CB56F9E70442}.Debug|Any CPU.Deploy.0 = Debug|Any CPU
		{C2FBE0F4-524A-41F8-B994-CB56F9E70442}.Release|Any CPU.ActiveCfg = Release|Any CPU
		{C2FBE0F4-524A-41F8-B994-CB56F9E70442}.Release|Any CPU.Build.0 = Release|Any CPU
		{C2FBE0F4-524A-41F8-B994-CB56F9E70442}.Release|Any CPU.Deploy.0 = Release|Any CPU
	EndGlobalSection
	GlobalSection(SolutionProperties) = preSolution
		HideSolutionNode = FALSE
	EndGlobalSection
EndGlobal
